
Microsoft Visual Studio Solution File, Format Version 12.00
# Visual Studio Version 17
VisualStudioVersion = 17.10.35201.131
MinimumVisualStudioVersion = 10.0.40219.1
Project("{2150E333-8FDC-42A3-9474-1A3956D46DE8}") = "src", "src", "{B025EF94-4552-4211-BDDB-382010D2AAC4}"
EndProject
Project("{2150E333-8FDC-42A3-9474-1A3956D46DE8}") = "Building Blocks", "Building Blocks", "{1D5D45CC-B836-4697-B903-8A05D09CCFD2}"
EndProject
Project("{2150E333-8FDC-42A3-9474-1A3956D46DE8}") = "Services", "Services", "{C6540C2B-E52C-49C4-BA29-13838A1D1FE1}"
EndProject
Project("{2150E333-8FDC-42A3-9474-1A3956D46DE8}") = "Web", "Web", "{93EDC746-F49B-4C68-8576-2FE279A64D94}"
EndProject
Project("{2150E333-8FDC-42A3-9474-1A3956D46DE8}") = "Identidade", "Identidade", "{215357AF-2837-48B3-9FB2-3E52DB21BCE3}"
EndProject
Project("{9A19103F-16F7-4668-BE54-9A1E7A4F7556}") = "NSE.Identidade.API", "src\services\NSE.Identidade.API\NSE.Identidade.API.csproj", "{C5E9607A-D531-4FB0-B069-8252FD063B5B}"
EndProject
Project("{2150E333-8FDC-42A3-9474-1A3956D46DE8}") = "MVC", "MVC", "{B846C6E9-83BA-4A4F-BE79-A4D4F4270C1A}"
EndProject
Project("{9A19103F-16F7-4668-BE54-9A1E7A4F7556}") = "NSE.WebApp.MVC", "src\web\NSE.WebApp.MVC\NSE.WebApp.MVC.csproj", "{92B8C9E4-8D33-4F02-9569-55E5A92D3066}"
EndProject
Project("{2150E333-8FDC-42A3-9474-1A3956D46DE8}") = "Core", "Core", "{956D1054-4FF5-4B5F-924A-9B6EF6B59664}"
EndProject
Project("{9A19103F-16F7-4668-BE54-9A1E7A4F7556}") = "NSE.Core", "src\building blocks\NSE.Core\NSE.Core.csproj", "{A610F9A5-24DA-4E1A-85D5-60AF93CAE539}"
EndProject
Project("{2150E333-8FDC-42A3-9474-1A3956D46DE8}") = "Carrinho", "Carrinho", "{C605E262-7858-4D04-8B91-CDDCC51E057E}"
EndProject
Project("{2150E333-8FDC-42A3-9474-1A3956D46DE8}") = "Catalogo", "Catalogo", "{F407ED27-7E46-47E5-AE85-2653DB60D22E}"
EndProject
Project("{2150E333-8FDC-42A3-9474-1A3956D46DE8}") = "Cliente", "Cliente", "{A0301EE5-E90C-4E37-958D-96D549A81E0F}"
EndProject
Project("{2150E333-8FDC-42A3-9474-1A3956D46DE8}") = "Pagamento", "Pagamento", "{761B32EA-3CC2-449A-BB3A-9BB7A86C34D1}"
EndProject
Project("{2150E333-8FDC-42A3-9474-1A3956D46DE8}") = "Pedido", "Pedido", "{4EB08D20-E4C7-4076-B151-C13173DC5F94}"
EndProject
Project("{9A19103F-16F7-4668-BE54-9A1E7A4F7556}") = "NSE.Carrinho.API", "src\services\NSE.Carrinho.API\NSE.Carrinho.API.csproj", "{4ADA5BAC-D652-4056-994D-722465353895}"
EndProject
Project("{9A19103F-16F7-4668-BE54-9A1E7A4F7556}") = "NSE.Catalogo.API", "src\services\NSE.Catalogo.API\NSE.Catalogo.API.csproj", "{01E7CF7D-3E81-4810-811E-E33E0813D5F6}"
EndProject
Project("{9A19103F-16F7-4668-BE54-9A1E7A4F7556}") = "NSE.Clientes.API", "src\services\NSE.Cliente.API\NSE.Clientes.API.csproj", "{30F4370D-AE2A-4F6A-8974-8EAC5A2EE750}"
EndProject
Project("{9A19103F-16F7-4668-BE54-9A1E7A4F7556}") = "NSE.Pedidos.API", "src\services\NSE.Pedido.API\NSE.Pedidos.API.csproj", "{DFF1ACA0-4867-49DD-A50C-F26B9453EF01}"
EndProject
Project("{9A19103F-16F7-4668-BE54-9A1E7A4F7556}") = "NSE.Pagamentos.API", "src\services\NSE.Pagamento.API\NSE.Pagamentos.API.csproj", "{97A8CDE6-6812-4244-AC53-293DF391C437}"
EndProject
Project("{2150E333-8FDC-42A3-9474-1A3956D46DE8}") = "Services", "Services", "{0DBFEB26-C524-4189-A637-807ACF5CBE50}"
EndProject
Project("{9A19103F-16F7-4668-BE54-9A1E7A4F7556}") = "NSE.WebAPI.Core", "src\building blocks\NSE.WebAPI.Core\NSE.WebAPI.Core.csproj", "{64F90AC6-F659-4EFF-A81A-6F6AEC46CF33}"
EndProject
Global
	GlobalSection(SolutionConfigurationPlatforms) = preSolution
		Debug|Any CPU = Debug|Any CPU
		Release|Any CPU = Release|Any CPU
	EndGlobalSection
	GlobalSection(ProjectConfigurationPlatforms) = postSolution
		{C5E9607A-D531-4FB0-B069-8252FD063B5B}.Debug|Any CPU.ActiveCfg = Debug|Any CPU
		{C5E9607A-D531-4FB0-B069-8252FD063B5B}.Debug|Any CPU.Build.0 = Debug|Any CPU
		{C5E9607A-D531-4FB0-B069-8252FD063B5B}.Release|Any CPU.ActiveCfg = Release|Any CPU
		{C5E9607A-D531-4FB0-B069-8252FD063B5B}.Release|Any CPU.Build.0 = Release|Any CPU
		{92B8C9E4-8D33-4F02-9569-55E5A92D3066}.Debug|Any CPU.ActiveCfg = Debug|Any CPU
		{92B8C9E4-8D33-4F02-9569-55E5A92D3066}.Debug|Any CPU.Build.0 = Debug|Any CPU
		{92B8C9E4-8D33-4F02-9569-55E5A92D3066}.Release|Any CPU.ActiveCfg = Release|Any CPU
		{92B8C9E4-8D33-4F02-9569-55E5A92D3066}.Release|Any CPU.Build.0 = Release|Any CPU
		{A610F9A5-24DA-4E1A-85D5-60AF93CAE539}.Debug|Any CPU.ActiveCfg = Debug|Any CPU
		{A610F9A5-24DA-4E1A-85D5-60AF93CAE539}.Debug|Any CPU.Build.0 = Debug|Any CPU
		{A610F9A5-24DA-4E1A-85D5-60AF93CAE539}.Release|Any CPU.ActiveCfg = Release|Any CPU
		{A610F9A5-24DA-4E1A-85D5-60AF93CAE539}.Release|Any CPU.Build.0 = Release|Any CPU
		{4ADA5BAC-D652-4056-994D-722465353895}.Debug|Any CPU.ActiveCfg = Debug|Any CPU
		{4ADA5BAC-D652-4056-994D-722465353895}.Debug|Any CPU.Build.0 = Debug|Any CPU
		{4ADA5BAC-D652-4056-994D-722465353895}.Release|Any CPU.ActiveCfg = Release|Any CPU
		{4ADA5BAC-D652-4056-994D-722465353895}.Release|Any CPU.Build.0 = Release|Any CPU
		{01E7CF7D-3E81-4810-811E-E33E0813D5F6}.Debug|Any CPU.ActiveCfg = Debug|Any CPU
		{01E7CF7D-3E81-4810-811E-E33E0813D5F6}.Debug|Any CPU.Build.0 = Debug|Any CPU
		{01E7CF7D-3E81-4810-811E-E33E0813D5F6}.Release|Any CPU.ActiveCfg = Release|Any CPU
		{01E7CF7D-3E81-4810-811E-E33E0813D5F6}.Release|Any CPU.Build.0 = Release|Any CPU
		{30F4370D-AE2A-4F6A-8974-8EAC5A2EE750}.Debug|Any CPU.ActiveCfg = Debug|Any CPU
		{30F4370D-AE2A-4F6A-8974-8EAC5A2EE750}.Debug|Any CPU.Build.0 = Debug|Any CPU
		{30F4370D-AE2A-4F6A-8974-8EAC5A2EE750}.Release|Any CPU.ActiveCfg = Release|Any CPU
		{30F4370D-AE2A-4F6A-8974-8EAC5A2EE750}.Release|Any CPU.Build.0 = Release|Any CPU
		{DFF1ACA0-4867-49DD-A50C-F26B9453EF01}.Debug|Any CPU.ActiveCfg = Debug|Any CPU
		{DFF1ACA0-4867-49DD-A50C-F26B9453EF01}.Debug|Any CPU.Build.0 = Debug|Any CPU
		{DFF1ACA0-4867-49DD-A50C-F26B9453EF01}.Release|Any CPU.ActiveCfg = Release|Any CPU
		{DFF1ACA0-4867-49DD-A50C-F26B9453EF01}.Release|Any CPU.Build.0 = Release|Any CPU
		{97A8CDE6-6812-4244-AC53-293DF391C437}.Debug|Any CPU.ActiveCfg = Debug|Any CPU
		{97A8CDE6-6812-4244-AC53-293DF391C437}.Debug|Any CPU.Build.0 = Debug|Any CPU
		{97A8CDE6-6812-4244-AC53-293DF391C437}.Release|Any CPU.ActiveCfg = Release|Any CPU
		{97A8CDE6-6812-4244-AC53-293DF391C437}.Release|Any CPU.Build.0 = Release|Any CPU
		{64F90AC6-F659-4EFF-A81A-6F6AEC46CF33}.Debug|Any CPU.ActiveCfg = Debug|Any CPU
		{64F90AC6-F659-4EFF-A81A-6F6AEC46CF33}.Debug|Any CPU.Build.0 = Debug|Any CPU
		{64F90AC6-F659-4EFF-A81A-6F6AEC46CF33}.Release|Any CPU.ActiveCfg = Release|Any CPU
		{64F90AC6-F659-4EFF-A81A-6F6AEC46CF33}.Release|Any CPU.Build.0 = Release|Any CPU
	EndGlobalSection
	GlobalSection(SolutionProperties) = preSolution
		HideSolutionNode = FALSE
	EndGlobalSection
	GlobalSection(NestedProjects) = preSolution
		{1D5D45CC-B836-4697-B903-8A05D09CCFD2} = {B025EF94-4552-4211-BDDB-382010D2AAC4}
		{C6540C2B-E52C-49C4-BA29-13838A1D1FE1} = {B025EF94-4552-4211-BDDB-382010D2AAC4}
		{93EDC746-F49B-4C68-8576-2FE279A64D94} = {B025EF94-4552-4211-BDDB-382010D2AAC4}
		{215357AF-2837-48B3-9FB2-3E52DB21BCE3} = {C6540C2B-E52C-49C4-BA29-13838A1D1FE1}
		{C5E9607A-D531-4FB0-B069-8252FD063B5B} = {215357AF-2837-48B3-9FB2-3E52DB21BCE3}
		{B846C6E9-83BA-4A4F-BE79-A4D4F4270C1A} = {93EDC746-F49B-4C68-8576-2FE279A64D94}
		{92B8C9E4-8D33-4F02-9569-55E5A92D3066} = {B846C6E9-83BA-4A4F-BE79-A4D4F4270C1A}
		{956D1054-4FF5-4B5F-924A-9B6EF6B59664} = {1D5D45CC-B836-4697-B903-8A05D09CCFD2}
		{A610F9A5-24DA-4E1A-85D5-60AF93CAE539} = {956D1054-4FF5-4B5F-924A-9B6EF6B59664}
		{C605E262-7858-4D04-8B91-CDDCC51E057E} = {C6540C2B-E52C-49C4-BA29-13838A1D1FE1}
		{F407ED27-7E46-47E5-AE85-2653DB60D22E} = {C6540C2B-E52C-49C4-BA29-13838A1D1FE1}
		{A0301EE5-E90C-4E37-958D-96D549A81E0F} = {C6540C2B-E52C-49C4-BA29-13838A1D1FE1}
		{761B32EA-3CC2-449A-BB3A-9BB7A86C34D1} = {C6540C2B-E52C-49C4-BA29-13838A1D1FE1}
		{4EB08D20-E4C7-4076-B151-C13173DC5F94} = {C6540C2B-E52C-49C4-BA29-13838A1D1FE1}
		{4ADA5BAC-D652-4056-994D-722465353895} = {C605E262-7858-4D04-8B91-CDDCC51E057E}
		{01E7CF7D-3E81-4810-811E-E33E0813D5F6} = {F407ED27-7E46-47E5-AE85-2653DB60D22E}
		{30F4370D-AE2A-4F6A-8974-8EAC5A2EE750} = {A0301EE5-E90C-4E37-958D-96D549A81E0F}
		{DFF1ACA0-4867-49DD-A50C-F26B9453EF01} = {4EB08D20-E4C7-4076-B151-C13173DC5F94}
		{97A8CDE6-6812-4244-AC53-293DF391C437} = {761B32EA-3CC2-449A-BB3A-9BB7A86C34D1}
		{0DBFEB26-C524-4189-A637-807ACF5CBE50} = {1D5D45CC-B836-4697-B903-8A05D09CCFD2}
		{64F90AC6-F659-4EFF-A81A-6F6AEC46CF33} = {0DBFEB26-C524-4189-A637-807ACF5CBE50}
	EndGlobalSection
	GlobalSection(ExtensibilityGlobals) = postSolution
		SolutionGuid = {E5DC8A6D-D2DC-452A-B7A0-D1C1049F2FF9}
	EndGlobalSection
EndGlobal
